
Microsoft Visual Studio Solution File, Format Version 12.00
# Visual Studio Version 17
VisualStudioVersion = 17.0.31903.59
MinimumVisualStudioVersion = 10.0.40219.1
Project("{2150E333-8FDC-42A3-9474-1A3956D46DE8}") = "service", "service", "{8C8DEEFC-B694-4E4B-8A27-77C4D70DFE14}"
EndProject
Project("{2150E333-8FDC-42A3-9474-1A3956D46DE8}") = "Gpt", "Gpt", "{24C79376-6EEE-4528-86D8-C89248153793}"
EndProject
Project("{9A19103F-16F7-4668-BE54-9A1E7A4F7556}") = "Contract", "src\service\Gpt\Contract\Contract.csproj", "{EEF94EDD-38D5-40D8-A448-D7FAAE4F5C42}"
EndProject
Project("{9A19103F-16F7-4668-BE54-9A1E7A4F7556}") = "Api", "src\service\Gpt\Api\Api.csproj", "{9B2DC64E-1770-4A6D-8442-CC4FC484D934}"
EndProject
Project("{9A19103F-16F7-4668-BE54-9A1E7A4F7556}") = "Test", "src\service\Gpt\Test\Test.csproj", "{1FAFFA61-E1BD-4F02-8A76-95EAD233FEB4}"
EndProject
Project("{2150E333-8FDC-42A3-9474-1A3956D46DE8}") = "endpoint", "endpoint", "{D9B580A1-9B88-463E-9377-FE4F78083D81}"
EndProject
Project("{2150E333-8FDC-42A3-9474-1A3956D46DE8}") = "Incident.Create", "Incident.Create", "{3FB25254-CA73-497D-802A-D5CF8046E65B}"
EndProject
Project("{9A19103F-16F7-4668-BE54-9A1E7A4F7556}") = "Flow", "src\endpoint\Incident.Create\Flow\Flow.csproj", "{109A0F59-9199-4919-B2D4-7C0134F23AE6}"
EndProject
Project("{2150E333-8FDC-42A3-9474-1A3956D46DE8}") = "app", "app", "{A3A322AC-9D6B-4484-B5C1-F7499B715FE2}"
EndProject
Project("{9A19103F-16F7-4668-BE54-9A1E7A4F7556}") = "AzureFunc", "src\app\AzureFunc\AzureFunc.csproj", "{5BD4E736-3161-49C8-9099-6717AED84191}"
EndProject
Project("{2150E333-8FDC-42A3-9474-1A3956D46DE8}") = "CrmIncident", "CrmIncident", "{E877C859-049B-40B1-B288-6263EA57CB5C}"
EndProject
Project("{9A19103F-16F7-4668-BE54-9A1E7A4F7556}") = "Contract", "src\service\CrmIncident\Contract\Contract.csproj", "{3679A93D-C242-4BF6-BFE9-0496CA80923C}"
EndProject
Project("{9A19103F-16F7-4668-BE54-9A1E7A4F7556}") = "Api", "src\service\CrmIncident\Api\Api.csproj", "{9867D849-4CFD-4296-9B18-D9EB8820B798}"
EndProject
Project("{9A19103F-16F7-4668-BE54-9A1E7A4F7556}") = "Test", "src\service\CrmIncident\Test\Test.csproj", "{D491D0CA-7CFA-440D-AE22-7C827C98849D}"
EndProject
Project("{2150E333-8FDC-42A3-9474-1A3956D46DE8}") = "CrmCustomer", "CrmCustomer", "{288AA0A0-A8B2-4A42-9DDC-EEF76F439B54}"
EndProject
Project("{9A19103F-16F7-4668-BE54-9A1E7A4F7556}") = "Contract", "src\service\CrmCustomer\Contract\Contract.csproj", "{71ED198B-226E-40C0-942F-0996E5F53E49}"
EndProject
Project("{9A19103F-16F7-4668-BE54-9A1E7A4F7556}") = "Api", "src\service\CrmCustomer\Api\Api.csproj", "{17974F12-B5C3-4BB2-A3A5-70D122CCAC20}"
EndProject
Project("{9A19103F-16F7-4668-BE54-9A1E7A4F7556}") = "Test", "src\service\CrmCustomer\Test\Test.csproj", "{F55F6E80-4487-49F5-9C17-2AAC293130EF}"
EndProject
Project("{2150E333-8FDC-42A3-9474-1A3956D46DE8}") = "CrmContact", "CrmContact", "{CF2B93B3-14DB-4762-8777-3E12D75A7F44}"
EndProject
Project("{9A19103F-16F7-4668-BE54-9A1E7A4F7556}") = "Contract", "src\service\CrmContact\Contract\Contract.csproj", "{93737508-13F5-4B8D-B0E3-F58BB703488A}"
EndProject
Project("{9A19103F-16F7-4668-BE54-9A1E7A4F7556}") = "Api", "src\service\CrmContact\Api\Api.csproj", "{159608B4-8842-4934-9FCF-F6C03431506F}"
EndProject
Project("{9A19103F-16F7-4668-BE54-9A1E7A4F7556}") = "Test", "src\service\CrmContact\Test\Test.csproj", "{897511EC-27DE-4A86-B0D3-5DA5DCD0C36C}"
EndProject
Project("{2150E333-8FDC-42A3-9474-1A3956D46DE8}") = "CrmOwner", "CrmOwner", "{A1B43D14-F416-47D4-BCDB-2E047124F563}"
EndProject
Project("{9A19103F-16F7-4668-BE54-9A1E7A4F7556}") = "Contract", "src\service\CrmOwner\Contract\Contract.csproj", "{9FCF0D94-88CA-405F-864A-710E7380B892}"
EndProject
Project("{9A19103F-16F7-4668-BE54-9A1E7A4F7556}") = "Api", "src\service\CrmOwner\Api\Api.csproj", "{45AA67DF-491D-493F-AB04-5D17D82A12BD}"
EndProject
Project("{9A19103F-16F7-4668-BE54-9A1E7A4F7556}") = "Test", "src\service\CrmOwner\Test\Test.csproj", "{CAC26758-7536-4892-A55C-C21B9BB0B193}"
EndProject
Project("{2150E333-8FDC-42A3-9474-1A3956D46DE8}") = "Shared", "Shared", "{A5F19A50-14B2-4655-8CBA-489821E7ED55}"
EndProject
Project("{FAE04EC0-301F-11D3-BF4B-00C04F79EFBC}") = "Entity", "src\shared\Entity\Entity.csproj", "{57BDE892-0C07-484A-B2DF-D590EC705373}"
EndProject
Global
	GlobalSection(SolutionConfigurationPlatforms) = preSolution
		Debug|Any CPU = Debug|Any CPU
		Release|Any CPU = Release|Any CPU
	EndGlobalSection
	GlobalSection(ProjectConfigurationPlatforms) = postSolution
		{EEF94EDD-38D5-40D8-A448-D7FAAE4F5C42}.Debug|Any CPU.ActiveCfg = Debug|Any CPU
		{EEF94EDD-38D5-40D8-A448-D7FAAE4F5C42}.Debug|Any CPU.Build.0 = Debug|Any CPU
		{EEF94EDD-38D5-40D8-A448-D7FAAE4F5C42}.Release|Any CPU.ActiveCfg = Release|Any CPU
		{EEF94EDD-38D5-40D8-A448-D7FAAE4F5C42}.Release|Any CPU.Build.0 = Release|Any CPU
		{9B2DC64E-1770-4A6D-8442-CC4FC484D934}.Debug|Any CPU.ActiveCfg = Debug|Any CPU
		{9B2DC64E-1770-4A6D-8442-CC4FC484D934}.Debug|Any CPU.Build.0 = Debug|Any CPU
		{9B2DC64E-1770-4A6D-8442-CC4FC484D934}.Release|Any CPU.ActiveCfg = Release|Any CPU
		{9B2DC64E-1770-4A6D-8442-CC4FC484D934}.Release|Any CPU.Build.0 = Release|Any CPU
		{1FAFFA61-E1BD-4F02-8A76-95EAD233FEB4}.Debug|Any CPU.ActiveCfg = Debug|Any CPU
		{1FAFFA61-E1BD-4F02-8A76-95EAD233FEB4}.Debug|Any CPU.Build.0 = Debug|Any CPU
		{1FAFFA61-E1BD-4F02-8A76-95EAD233FEB4}.Release|Any CPU.ActiveCfg = Release|Any CPU
		{1FAFFA61-E1BD-4F02-8A76-95EAD233FEB4}.Release|Any CPU.Build.0 = Release|Any CPU
		{109A0F59-9199-4919-B2D4-7C0134F23AE6}.Debug|Any CPU.ActiveCfg = Debug|Any CPU
		{109A0F59-9199-4919-B2D4-7C0134F23AE6}.Debug|Any CPU.Build.0 = Debug|Any CPU
		{109A0F59-9199-4919-B2D4-7C0134F23AE6}.Release|Any CPU.ActiveCfg = Release|Any CPU
		{109A0F59-9199-4919-B2D4-7C0134F23AE6}.Release|Any CPU.Build.0 = Release|Any CPU
		{5BD4E736-3161-49C8-9099-6717AED84191}.Debug|Any CPU.ActiveCfg = Debug|Any CPU
		{5BD4E736-3161-49C8-9099-6717AED84191}.Debug|Any CPU.Build.0 = Debug|Any CPU
		{5BD4E736-3161-49C8-9099-6717AED84191}.Release|Any CPU.ActiveCfg = Release|Any CPU
		{5BD4E736-3161-49C8-9099-6717AED84191}.Release|Any CPU.Build.0 = Release|Any CPU
		{3679A93D-C242-4BF6-BFE9-0496CA80923C}.Debug|Any CPU.ActiveCfg = Debug|Any CPU
		{3679A93D-C242-4BF6-BFE9-0496CA80923C}.Debug|Any CPU.Build.0 = Debug|Any CPU
		{3679A93D-C242-4BF6-BFE9-0496CA80923C}.Release|Any CPU.ActiveCfg = Release|Any CPU
		{3679A93D-C242-4BF6-BFE9-0496CA80923C}.Release|Any CPU.Build.0 = Release|Any CPU
		{9867D849-4CFD-4296-9B18-D9EB8820B798}.Debug|Any CPU.ActiveCfg = Debug|Any CPU
		{9867D849-4CFD-4296-9B18-D9EB8820B798}.Debug|Any CPU.Build.0 = Debug|Any CPU
		{9867D849-4CFD-4296-9B18-D9EB8820B798}.Release|Any CPU.ActiveCfg = Release|Any CPU
		{9867D849-4CFD-4296-9B18-D9EB8820B798}.Release|Any CPU.Build.0 = Release|Any CPU
		{D491D0CA-7CFA-440D-AE22-7C827C98849D}.Debug|Any CPU.ActiveCfg = Debug|Any CPU
		{D491D0CA-7CFA-440D-AE22-7C827C98849D}.Debug|Any CPU.Build.0 = Debug|Any CPU
		{D491D0CA-7CFA-440D-AE22-7C827C98849D}.Release|Any CPU.ActiveCfg = Release|Any CPU
		{D491D0CA-7CFA-440D-AE22-7C827C98849D}.Release|Any CPU.Build.0 = Release|Any CPU
		{71ED198B-226E-40C0-942F-0996E5F53E49}.Debug|Any CPU.ActiveCfg = Debug|Any CPU
		{71ED198B-226E-40C0-942F-0996E5F53E49}.Debug|Any CPU.Build.0 = Debug|Any CPU
		{71ED198B-226E-40C0-942F-0996E5F53E49}.Release|Any CPU.ActiveCfg = Release|Any CPU
		{71ED198B-226E-40C0-942F-0996E5F53E49}.Release|Any CPU.Build.0 = Release|Any CPU
		{17974F12-B5C3-4BB2-A3A5-70D122CCAC20}.Debug|Any CPU.ActiveCfg = Debug|Any CPU
		{17974F12-B5C3-4BB2-A3A5-70D122CCAC20}.Debug|Any CPU.Build.0 = Debug|Any CPU
		{17974F12-B5C3-4BB2-A3A5-70D122CCAC20}.Release|Any CPU.ActiveCfg = Release|Any CPU
		{17974F12-B5C3-4BB2-A3A5-70D122CCAC20}.Release|Any CPU.Build.0 = Release|Any CPU
		{F55F6E80-4487-49F5-9C17-2AAC293130EF}.Debug|Any CPU.ActiveCfg = Debug|Any CPU
		{F55F6E80-4487-49F5-9C17-2AAC293130EF}.Debug|Any CPU.Build.0 = Debug|Any CPU
		{F55F6E80-4487-49F5-9C17-2AAC293130EF}.Release|Any CPU.ActiveCfg = Release|Any CPU
		{F55F6E80-4487-49F5-9C17-2AAC293130EF}.Release|Any CPU.Build.0 = Release|Any CPU
		{93737508-13F5-4B8D-B0E3-F58BB703488A}.Debug|Any CPU.ActiveCfg = Debug|Any CPU
		{93737508-13F5-4B8D-B0E3-F58BB703488A}.Debug|Any CPU.Build.0 = Debug|Any CPU
		{93737508-13F5-4B8D-B0E3-F58BB703488A}.Release|Any CPU.ActiveCfg = Release|Any CPU
		{93737508-13F5-4B8D-B0E3-F58BB703488A}.Release|Any CPU.Build.0 = Release|Any CPU
		{159608B4-8842-4934-9FCF-F6C03431506F}.Debug|Any CPU.ActiveCfg = Debug|Any CPU
		{159608B4-8842-4934-9FCF-F6C03431506F}.Debug|Any CPU.Build.0 = Debug|Any CPU
		{159608B4-8842-4934-9FCF-F6C03431506F}.Release|Any CPU.ActiveCfg = Release|Any CPU
		{159608B4-8842-4934-9FCF-F6C03431506F}.Release|Any CPU.Build.0 = Release|Any CPU
		{897511EC-27DE-4A86-B0D3-5DA5DCD0C36C}.Debug|Any CPU.ActiveCfg = Debug|Any CPU
		{897511EC-27DE-4A86-B0D3-5DA5DCD0C36C}.Debug|Any CPU.Build.0 = Debug|Any CPU
		{897511EC-27DE-4A86-B0D3-5DA5DCD0C36C}.Release|Any CPU.ActiveCfg = Release|Any CPU
		{897511EC-27DE-4A86-B0D3-5DA5DCD0C36C}.Release|Any CPU.Build.0 = Release|Any CPU
		{9FCF0D94-88CA-405F-864A-710E7380B892}.Debug|Any CPU.ActiveCfg = Debug|Any CPU
		{9FCF0D94-88CA-405F-864A-710E7380B892}.Debug|Any CPU.Build.0 = Debug|Any CPU
		{9FCF0D94-88CA-405F-864A-710E7380B892}.Release|Any CPU.ActiveCfg = Release|Any CPU
		{9FCF0D94-88CA-405F-864A-710E7380B892}.Release|Any CPU.Build.0 = Release|Any CPU
		{45AA67DF-491D-493F-AB04-5D17D82A12BD}.Debug|Any CPU.ActiveCfg = Debug|Any CPU
		{45AA67DF-491D-493F-AB04-5D17D82A12BD}.Debug|Any CPU.Build.0 = Debug|Any CPU
		{45AA67DF-491D-493F-AB04-5D17D82A12BD}.Release|Any CPU.ActiveCfg = Release|Any CPU
		{45AA67DF-491D-493F-AB04-5D17D82A12BD}.Release|Any CPU.Build.0 = Release|Any CPU
		{CAC26758-7536-4892-A55C-C21B9BB0B193}.Debug|Any CPU.ActiveCfg = Debug|Any CPU
		{CAC26758-7536-4892-A55C-C21B9BB0B193}.Debug|Any CPU.Build.0 = Debug|Any CPU
		{CAC26758-7536-4892-A55C-C21B9BB0B193}.Release|Any CPU.ActiveCfg = Release|Any CPU
		{CAC26758-7536-4892-A55C-C21B9BB0B193}.Release|Any CPU.Build.0 = Release|Any CPU
		{57BDE892-0C07-484A-B2DF-D590EC705373}.Debug|Any CPU.ActiveCfg = Debug|Any CPU
		{57BDE892-0C07-484A-B2DF-D590EC705373}.Debug|Any CPU.Build.0 = Debug|Any CPU
		{57BDE892-0C07-484A-B2DF-D590EC705373}.Release|Any CPU.ActiveCfg = Release|Any CPU
		{57BDE892-0C07-484A-B2DF-D590EC705373}.Release|Any CPU.Build.0 = Release|Any CPU
	EndGlobalSection
	GlobalSection(SolutionProperties) = preSolution
		HideSolutionNode = FALSE
	EndGlobalSection
	GlobalSection(NestedProjects) = preSolution
		{24C79376-6EEE-4528-86D8-C89248153793} = {8C8DEEFC-B694-4E4B-8A27-77C4D70DFE14}
		{EEF94EDD-38D5-40D8-A448-D7FAAE4F5C42} = {24C79376-6EEE-4528-86D8-C89248153793}
		{9B2DC64E-1770-4A6D-8442-CC4FC484D934} = {24C79376-6EEE-4528-86D8-C89248153793}
		{1FAFFA61-E1BD-4F02-8A76-95EAD233FEB4} = {24C79376-6EEE-4528-86D8-C89248153793}
		{3FB25254-CA73-497D-802A-D5CF8046E65B} = {D9B580A1-9B88-463E-9377-FE4F78083D81}
		{109A0F59-9199-4919-B2D4-7C0134F23AE6} = {3FB25254-CA73-497D-802A-D5CF8046E65B}
		{5BD4E736-3161-49C8-9099-6717AED84191} = {A3A322AC-9D6B-4484-B5C1-F7499B715FE2}
		{E877C859-049B-40B1-B288-6263EA57CB5C} = {8C8DEEFC-B694-4E4B-8A27-77C4D70DFE14}
		{3679A93D-C242-4BF6-BFE9-0496CA80923C} = {E877C859-049B-40B1-B288-6263EA57CB5C}
		{9867D849-4CFD-4296-9B18-D9EB8820B798} = {E877C859-049B-40B1-B288-6263EA57CB5C}
		{D491D0CA-7CFA-440D-AE22-7C827C98849D} = {E877C859-049B-40B1-B288-6263EA57CB5C}
		{288AA0A0-A8B2-4A42-9DDC-EEF76F439B54} = {8C8DEEFC-B694-4E4B-8A27-77C4D70DFE14}
		{71ED198B-226E-40C0-942F-0996E5F53E49} = {288AA0A0-A8B2-4A42-9DDC-EEF76F439B54}
		{17974F12-B5C3-4BB2-A3A5-70D122CCAC20} = {288AA0A0-A8B2-4A42-9DDC-EEF76F439B54}
		{F55F6E80-4487-49F5-9C17-2AAC293130EF} = {288AA0A0-A8B2-4A42-9DDC-EEF76F439B54}
		{CF2B93B3-14DB-4762-8777-3E12D75A7F44} = {8C8DEEFC-B694-4E4B-8A27-77C4D70DFE14}
		{93737508-13F5-4B8D-B0E3-F58BB703488A} = {CF2B93B3-14DB-4762-8777-3E12D75A7F44}
		{159608B4-8842-4934-9FCF-F6C03431506F} = {CF2B93B3-14DB-4762-8777-3E12D75A7F44}
		{897511EC-27DE-4A86-B0D3-5DA5DCD0C36C} = {CF2B93B3-14DB-4762-8777-3E12D75A7F44}
		{A1B43D14-F416-47D4-BCDB-2E047124F563} = {8C8DEEFC-B694-4E4B-8A27-77C4D70DFE14}
		{9FCF0D94-88CA-405F-864A-710E7380B892} = {A1B43D14-F416-47D4-BCDB-2E047124F563}
		{45AA67DF-491D-493F-AB04-5D17D82A12BD} = {A1B43D14-F416-47D4-BCDB-2E047124F563}
		{CAC26758-7536-4892-A55C-C21B9BB0B193} = {A1B43D14-F416-47D4-BCDB-2E047124F563}
		{57BDE892-0C07-484A-B2DF-D590EC705373} = {A5F19A50-14B2-4655-8CBA-489821E7ED55}
	EndGlobalSection
	GlobalSection(ExtensibilityGlobals) = postSolution
		SolutionGuid = {3B545B8C-998D-44FE-BC08-308BEEBE468F}
	EndGlobalSection
EndGlobal
