
Microsoft Visual Studio Solution File, Format Version 12.00
# Visual Studio Version 17
VisualStudioVersion = 17.0.31903.59
MinimumVisualStudioVersion = 10.0.40219.1
Project("{2150E333-8FDC-42A3-9474-1A3956D46DE8}") = "service", "service", "{8C8DEEFC-B694-4E4B-8A27-77C4D70DFE14}"
EndProject
Project("{2150E333-8FDC-42A3-9474-1A3956D46DE8}") = "Gpt", "Gpt", "{24C79376-6EEE-4528-86D8-C89248153793}"
EndProject
Project("{FAE04EC0-301F-11D3-BF4B-00C04F79EFBC}") = "Contract", "src\service\Gpt\Contract\Contract.csproj", "{EEF94EDD-38D5-40D8-A448-D7FAAE4F5C42}"
EndProject
Project("{FAE04EC0-301F-11D3-BF4B-00C04F79EFBC}") = "Api", "src\service\Gpt\Api\Api.csproj", "{9B2DC64E-1770-4A6D-8442-CC4FC484D934}"
EndProject
Project("{FAE04EC0-301F-11D3-BF4B-00C04F79EFBC}") = "Test", "src\service\Gpt\Test\Test.csproj", "{1FAFFA61-E1BD-4F02-8A76-95EAD233FEB4}"
EndProject
Project("{2150E333-8FDC-42A3-9474-1A3956D46DE8}") = "Crm", "Crm", "{88BB5087-53BC-4175-991A-0E199ABE353A}"
EndProject
Project("{FAE04EC0-301F-11D3-BF4B-00C04F79EFBC}") = "Contract", "src\service\Crm\Contract\Contract.csproj", "{E4086BE3-903A-45F3-8EE0-BE69DC8A6163}"
EndProject
Project("{FAE04EC0-301F-11D3-BF4B-00C04F79EFBC}") = "Api", "src\service\Crm\Api\Api.csproj", "{10A80B27-7239-47CA-8B43-D6528E0D4ACD}"
EndProject
Project("{FAE04EC0-301F-11D3-BF4B-00C04F79EFBC}") = "Test", "src\service\Crm\Test\Test.csproj", "{A6829C9A-8F50-45FF-B030-FDACF575CDA1}"
EndProject
Project("{2150E333-8FDC-42A3-9474-1A3956D46DE8}") = "endpoint", "endpoint", "{D9B580A1-9B88-463E-9377-FE4F78083D81}"
EndProject
Project("{2150E333-8FDC-42A3-9474-1A3956D46DE8}") = "Incident.Create", "Incident.Create", "{3FB25254-CA73-497D-802A-D5CF8046E65B}"
EndProject
Project("{FAE04EC0-301F-11D3-BF4B-00C04F79EFBC}") = "Flow", "src\endpoint\Incident.Create\Flow\Flow.csproj", "{109A0F59-9199-4919-B2D4-7C0134F23AE6}"
EndProject
Project("{2150E333-8FDC-42A3-9474-1A3956D46DE8}") = "app", "app", "{A3A322AC-9D6B-4484-B5C1-F7499B715FE2}"
EndProject
Project("{FAE04EC0-301F-11D3-BF4B-00C04F79EFBC}") = "AzureFunc", "src\app\AzureFunc\AzureFunc.csproj", "{5BD4E736-3161-49C8-9099-6717AED84191}"
EndProject
Global
	GlobalSection(SolutionConfigurationPlatforms) = preSolution
		Debug|Any CPU = Debug|Any CPU
		Release|Any CPU = Release|Any CPU
	EndGlobalSection
	GlobalSection(SolutionProperties) = preSolution
		HideSolutionNode = FALSE
	EndGlobalSection
	GlobalSection(ProjectConfigurationPlatforms) = postSolution
		{EEF94EDD-38D5-40D8-A448-D7FAAE4F5C42}.Debug|Any CPU.ActiveCfg = Debug|Any CPU
		{EEF94EDD-38D5-40D8-A448-D7FAAE4F5C42}.Debug|Any CPU.Build.0 = Debug|Any CPU
		{EEF94EDD-38D5-40D8-A448-D7FAAE4F5C42}.Release|Any CPU.ActiveCfg = Release|Any CPU
		{EEF94EDD-38D5-40D8-A448-D7FAAE4F5C42}.Release|Any CPU.Build.0 = Release|Any CPU
		{9B2DC64E-1770-4A6D-8442-CC4FC484D934}.Debug|Any CPU.ActiveCfg = Debug|Any CPU
		{9B2DC64E-1770-4A6D-8442-CC4FC484D934}.Debug|Any CPU.Build.0 = Debug|Any CPU
		{9B2DC64E-1770-4A6D-8442-CC4FC484D934}.Release|Any CPU.ActiveCfg = Release|Any CPU
		{9B2DC64E-1770-4A6D-8442-CC4FC484D934}.Release|Any CPU.Build.0 = Release|Any CPU
		{1FAFFA61-E1BD-4F02-8A76-95EAD233FEB4}.Debug|Any CPU.ActiveCfg = Debug|Any CPU
		{1FAFFA61-E1BD-4F02-8A76-95EAD233FEB4}.Debug|Any CPU.Build.0 = Debug|Any CPU
		{1FAFFA61-E1BD-4F02-8A76-95EAD233FEB4}.Release|Any CPU.ActiveCfg = Release|Any CPU
		{1FAFFA61-E1BD-4F02-8A76-95EAD233FEB4}.Release|Any CPU.Build.0 = Release|Any CPU
		{E4086BE3-903A-45F3-8EE0-BE69DC8A6163}.Debug|Any CPU.ActiveCfg = Debug|Any CPU
		{E4086BE3-903A-45F3-8EE0-BE69DC8A6163}.Debug|Any CPU.Build.0 = Debug|Any CPU
		{E4086BE3-903A-45F3-8EE0-BE69DC8A6163}.Release|Any CPU.ActiveCfg = Release|Any CPU
		{E4086BE3-903A-45F3-8EE0-BE69DC8A6163}.Release|Any CPU.Build.0 = Release|Any CPU
		{10A80B27-7239-47CA-8B43-D6528E0D4ACD}.Debug|Any CPU.ActiveCfg = Debug|Any CPU
		{10A80B27-7239-47CA-8B43-D6528E0D4ACD}.Debug|Any CPU.Build.0 = Debug|Any CPU
		{10A80B27-7239-47CA-8B43-D6528E0D4ACD}.Release|Any CPU.ActiveCfg = Release|Any CPU
		{10A80B27-7239-47CA-8B43-D6528E0D4ACD}.Release|Any CPU.Build.0 = Release|Any CPU
		{A6829C9A-8F50-45FF-B030-FDACF575CDA1}.Debug|Any CPU.ActiveCfg = Debug|Any CPU
		{A6829C9A-8F50-45FF-B030-FDACF575CDA1}.Debug|Any CPU.Build.0 = Debug|Any CPU
		{A6829C9A-8F50-45FF-B030-FDACF575CDA1}.Release|Any CPU.ActiveCfg = Release|Any CPU
		{A6829C9A-8F50-45FF-B030-FDACF575CDA1}.Release|Any CPU.Build.0 = Release|Any CPU
		{109A0F59-9199-4919-B2D4-7C0134F23AE6}.Debug|Any CPU.ActiveCfg = Debug|Any CPU
		{109A0F59-9199-4919-B2D4-7C0134F23AE6}.Debug|Any CPU.Build.0 = Debug|Any CPU
		{109A0F59-9199-4919-B2D4-7C0134F23AE6}.Release|Any CPU.ActiveCfg = Release|Any CPU
		{109A0F59-9199-4919-B2D4-7C0134F23AE6}.Release|Any CPU.Build.0 = Release|Any CPU
		{5BD4E736-3161-49C8-9099-6717AED84191}.Debug|Any CPU.ActiveCfg = Debug|Any CPU
		{5BD4E736-3161-49C8-9099-6717AED84191}.Debug|Any CPU.Build.0 = Debug|Any CPU
		{5BD4E736-3161-49C8-9099-6717AED84191}.Release|Any CPU.ActiveCfg = Release|Any CPU
		{5BD4E736-3161-49C8-9099-6717AED84191}.Release|Any CPU.Build.0 = Release|Any CPU
	EndGlobalSection
	GlobalSection(NestedProjects) = preSolution
		{24C79376-6EEE-4528-86D8-C89248153793} = {8C8DEEFC-B694-4E4B-8A27-77C4D70DFE14}
		{EEF94EDD-38D5-40D8-A448-D7FAAE4F5C42} = {24C79376-6EEE-4528-86D8-C89248153793}
		{9B2DC64E-1770-4A6D-8442-CC4FC484D934} = {24C79376-6EEE-4528-86D8-C89248153793}
		{1FAFFA61-E1BD-4F02-8A76-95EAD233FEB4} = {24C79376-6EEE-4528-86D8-C89248153793}
		{88BB5087-53BC-4175-991A-0E199ABE353A} = {8C8DEEFC-B694-4E4B-8A27-77C4D70DFE14}
		{E4086BE3-903A-45F3-8EE0-BE69DC8A6163} = {88BB5087-53BC-4175-991A-0E199ABE353A}
		{10A80B27-7239-47CA-8B43-D6528E0D4ACD} = {88BB5087-53BC-4175-991A-0E199ABE353A}
		{A6829C9A-8F50-45FF-B030-FDACF575CDA1} = {88BB5087-53BC-4175-991A-0E199ABE353A}
		{3FB25254-CA73-497D-802A-D5CF8046E65B} = {D9B580A1-9B88-463E-9377-FE4F78083D81}
		{109A0F59-9199-4919-B2D4-7C0134F23AE6} = {3FB25254-CA73-497D-802A-D5CF8046E65B}
		{5BD4E736-3161-49C8-9099-6717AED84191} = {A3A322AC-9D6B-4484-B5C1-F7499B715FE2}
	EndGlobalSection
EndGlobal
