
Microsoft Visual Studio Solution File, Format Version 12.00
# Visual Studio Version 17
VisualStudioVersion = 17.0.31903.59
MinimumVisualStudioVersion = 10.0.40219.1
Project("{FAE04EC0-301F-11D3-BF4B-00C04F79EFBC}") = "AzureFunc", "AzureFunc\AzureFunc.csproj", "{C03A4B57-4411-4F3E-B6FE-5A27493F9DBC}"
EndProject
Project("{FAE04EC0-301F-11D3-BF4B-00C04F79EFBC}") = "Incident.Create.Flow", "Incident.Create\Incident.Create.Flow.csproj", "{3436702D-83B3-493D-9591-F07F7589963B}"
EndProject
Global
	GlobalSection(SolutionConfigurationPlatforms) = preSolution
		Debug|Any CPU = Debug|Any CPU
		Release|Any CPU = Release|Any CPU
	EndGlobalSection
	GlobalSection(SolutionProperties) = preSolution
		HideSolutionNode = FALSE
	EndGlobalSection
	GlobalSection(ProjectConfigurationPlatforms) = postSolution
		{C03A4B57-4411-4F3E-B6FE-5A27493F9DBC}.Debug|Any CPU.ActiveCfg = Debug|Any CPU
		{C03A4B57-4411-4F3E-B6FE-5A27493F9DBC}.Debug|Any CPU.Build.0 = Debug|Any CPU
		{C03A4B57-4411-4F3E-B6FE-5A27493F9DBC}.Release|Any CPU.ActiveCfg = Release|Any CPU
		{C03A4B57-4411-4F3E-B6FE-5A27493F9DBC}.Release|Any CPU.Build.0 = Release|Any CPU
		{3436702D-83B3-493D-9591-F07F7589963B}.Debug|Any CPU.ActiveCfg = Debug|Any CPU
		{3436702D-83B3-493D-9591-F07F7589963B}.Debug|Any CPU.Build.0 = Debug|Any CPU
		{3436702D-83B3-493D-9591-F07F7589963B}.Release|Any CPU.ActiveCfg = Release|Any CPU
		{3436702D-83B3-493D-9591-F07F7589963B}.Release|Any CPU.Build.0 = Release|Any CPU
	EndGlobalSection
EndGlobal
